
Microsoft Visual Studio Solution File, Format Version 12.00
# Visual Studio Version 17
VisualStudioVersion = 17.7.34221.43
MinimumVisualStudioVersion = 10.0.40219.1
Project("{FAE04EC0-301F-11D3-BF4B-00C04F79EFBC}") = "TheCatacombsOfTheClass", "TheCatacombsOfTheClass.csproj", "{B3675CA8-ADF1-4B3E-A03C-8B6F961A14C6}"
EndProject
Global
	GlobalSection(SolutionConfigurationPlatforms) = preSolution
		Debug|Any CPU = Debug|Any CPU
		Release|Any CPU = Release|Any CPU
	EndGlobalSection
	GlobalSection(ProjectConfigurationPlatforms) = postSolution
		{B3675CA8-ADF1-4B3E-A03C-8B6F961A14C6}.Debug|Any CPU.ActiveCfg = Debug|Any CPU
		{B3675CA8-ADF1-4B3E-A03C-8B6F961A14C6}.Debug|Any CPU.Build.0 = Debug|Any CPU
		{B3675CA8-ADF1-4B3E-A03C-8B6F961A14C6}.Release|Any CPU.ActiveCfg = Release|Any CPU
		{B3675CA8-ADF1-4B3E-A03C-8B6F961A14C6}.Release|Any CPU.Build.0 = Release|Any CPU
	EndGlobalSection
	GlobalSection(SolutionProperties) = preSolution
		HideSolutionNode = FALSE
	EndGlobalSection
	GlobalSection(ExtensibilityGlobals) = postSolution
		SolutionGuid = {8CA4BD89-CE1D-4EF6-81D2-94CD7FBFF9D0}
	EndGlobalSection
EndGlobal
